
Microsoft Visual Studio Solution File, Format Version 12.00
# Visual Studio Version 16
VisualStudioVersion = 16.0.29613.14
MinimumVisualStudioVersion = 10.0.40219.1
Project("{FAE04EC0-301F-11D3-BF4B-00C04F79EFBC}") = "Questão1", "Questão1\Questão1.csproj", "{6DFE6EFC-9FEB-44B6-83B7-7E5FBFC4D2B2}"
EndProject
Global
	GlobalSection(SolutionConfigurationPlatforms) = preSolution
		Debug|Any CPU = Debug|Any CPU
		Release|Any CPU = Release|Any CPU
	EndGlobalSection
	GlobalSection(ProjectConfigurationPlatforms) = postSolution
		{6DFE6EFC-9FEB-44B6-83B7-7E5FBFC4D2B2}.Debug|Any CPU.ActiveCfg = Debug|Any CPU
		{6DFE6EFC-9FEB-44B6-83B7-7E5FBFC4D2B2}.Debug|Any CPU.Build.0 = Debug|Any CPU
		{6DFE6EFC-9FEB-44B6-83B7-7E5FBFC4D2B2}.Release|Any CPU.ActiveCfg = Release|Any CPU
		{6DFE6EFC-9FEB-44B6-83B7-7E5FBFC4D2B2}.Release|Any CPU.Build.0 = Release|Any CPU
	EndGlobalSection
	GlobalSection(SolutionProperties) = preSolution
		HideSolutionNode = FALSE
	EndGlobalSection
	GlobalSection(ExtensibilityGlobals) = postSolution
		SolutionGuid = {507D8382-1ED0-4807-9287-5A32D88216D7}
	EndGlobalSection
EndGlobal
