
Microsoft Visual Studio Solution File, Format Version 12.00
# Visual Studio Version 16
VisualStudioVersion = 16.0.29613.14
MinimumVisualStudioVersion = 10.0.40219.1
Project("{FAE04EC0-301F-11D3-BF4B-00C04F79EFBC}") = "Questão 1", "Questão 1\Questão 1.csproj", "{8DC3EBC5-879D-4EBF-87DE-FE5D0CA43B78}"
EndProject
Project("{FAE04EC0-301F-11D3-BF4B-00C04F79EFBC}") = "Questão 2", "Questão 2\Questão 2.csproj", "{02F6787F-D8E8-4240-8784-E5D32AB69C82}"
EndProject
Project("{FAE04EC0-301F-11D3-BF4B-00C04F79EFBC}") = "Questão 3", "Questão 3\Questão 3.csproj", "{F76B898F-F775-451F-AB71-6AE6EAD7B84B}"
EndProject
Project("{FAE04EC0-301F-11D3-BF4B-00C04F79EFBC}") = "Questão 4", "Questão 4\Questão 4.csproj", "{6512D221-D665-41F5-891C-DAF5C1531AD6}"
EndProject
Project("{FAE04EC0-301F-11D3-BF4B-00C04F79EFBC}") = "Questão 5", "Questão 5\Questão 5.csproj", "{A4A8A9E7-A1BF-44DA-80E1-FE7160E9C3FC}"
EndProject
Project("{FAE04EC0-301F-11D3-BF4B-00C04F79EFBC}") = "Questão 6", "Questão 6\Questão 6.csproj", "{9F82C289-6E32-4AF6-A323-E69B3D1C3586}"
EndProject
Project("{FAE04EC0-301F-11D3-BF4B-00C04F79EFBC}") = "Questão 7", "Questão 7\Questão 7.csproj", "{0635C562-CE0D-4EDE-9E48-937228F566A0}"
EndProject
Project("{FAE04EC0-301F-11D3-BF4B-00C04F79EFBC}") = "Questão 8", "Questão 8\Questão 8.csproj", "{2375FA1C-9361-48C4-BDF5-173B32AFCF87}"
EndProject
Project("{FAE04EC0-301F-11D3-BF4B-00C04F79EFBC}") = "Questão 9", "Questão 9\Questão 9.csproj", "{471E92BA-5750-4C24-8117-DD2FA306DC31}"
EndProject
Project("{FAE04EC0-301F-11D3-BF4B-00C04F79EFBC}") = "Questão 11", "Questão 11\Questão 11.csproj", "{6EBC3416-B94B-49DB-89E7-9B83CF9DA9C7}"
EndProject
Project("{FAE04EC0-301F-11D3-BF4B-00C04F79EFBC}") = "Questão 13", "Questão 13\Questão 13.csproj", "{6CBC1468-1AD9-4DB8-AC9B-E1503049098C}"
EndProject
Project("{FAE04EC0-301F-11D3-BF4B-00C04F79EFBC}") = "Questão 14", "Questão 14\Questão 14.csproj", "{4D76E680-1BAF-4F86-9E70-C5D9CF6E0574}"
EndProject
Project("{FAE04EC0-301F-11D3-BF4B-00C04F79EFBC}") = "Questão 15", "Questão 15\Questão 15.csproj", "{ECD3C600-F61D-4597-84E1-DC7D19F20A83}"
EndProject
Global
	GlobalSection(SolutionConfigurationPlatforms) = preSolution
		Debug|Any CPU = Debug|Any CPU
		Release|Any CPU = Release|Any CPU
	EndGlobalSection
	GlobalSection(ProjectConfigurationPlatforms) = postSolution
		{8DC3EBC5-879D-4EBF-87DE-FE5D0CA43B78}.Debug|Any CPU.ActiveCfg = Debug|Any CPU
		{8DC3EBC5-879D-4EBF-87DE-FE5D0CA43B78}.Debug|Any CPU.Build.0 = Debug|Any CPU
		{8DC3EBC5-879D-4EBF-87DE-FE5D0CA43B78}.Release|Any CPU.ActiveCfg = Release|Any CPU
		{8DC3EBC5-879D-4EBF-87DE-FE5D0CA43B78}.Release|Any CPU.Build.0 = Release|Any CPU
		{02F6787F-D8E8-4240-8784-E5D32AB69C82}.Debug|Any CPU.ActiveCfg = Debug|Any CPU
		{02F6787F-D8E8-4240-8784-E5D32AB69C82}.Debug|Any CPU.Build.0 = Debug|Any CPU
		{02F6787F-D8E8-4240-8784-E5D32AB69C82}.Release|Any CPU.ActiveCfg = Release|Any CPU
		{02F6787F-D8E8-4240-8784-E5D32AB69C82}.Release|Any CPU.Build.0 = Release|Any CPU
		{F76B898F-F775-451F-AB71-6AE6EAD7B84B}.Debug|Any CPU.ActiveCfg = Debug|Any CPU
		{F76B898F-F775-451F-AB71-6AE6EAD7B84B}.Debug|Any CPU.Build.0 = Debug|Any CPU
		{F76B898F-F775-451F-AB71-6AE6EAD7B84B}.Release|Any CPU.ActiveCfg = Release|Any CPU
		{F76B898F-F775-451F-AB71-6AE6EAD7B84B}.Release|Any CPU.Build.0 = Release|Any CPU
		{6512D221-D665-41F5-891C-DAF5C1531AD6}.Debug|Any CPU.ActiveCfg = Debug|Any CPU
		{6512D221-D665-41F5-891C-DAF5C1531AD6}.Debug|Any CPU.Build.0 = Debug|Any CPU
		{6512D221-D665-41F5-891C-DAF5C1531AD6}.Release|Any CPU.ActiveCfg = Release|Any CPU
		{6512D221-D665-41F5-891C-DAF5C1531AD6}.Release|Any CPU.Build.0 = Release|Any CPU
		{A4A8A9E7-A1BF-44DA-80E1-FE7160E9C3FC}.Debug|Any CPU.ActiveCfg = Debug|Any CPU
		{A4A8A9E7-A1BF-44DA-80E1-FE7160E9C3FC}.Debug|Any CPU.Build.0 = Debug|Any CPU
		{A4A8A9E7-A1BF-44DA-80E1-FE7160E9C3FC}.Release|Any CPU.ActiveCfg = Release|Any CPU
		{A4A8A9E7-A1BF-44DA-80E1-FE7160E9C3FC}.Release|Any CPU.Build.0 = Release|Any CPU
		{9F82C289-6E32-4AF6-A323-E69B3D1C3586}.Debug|Any CPU.ActiveCfg = Debug|Any CPU
		{9F82C289-6E32-4AF6-A323-E69B3D1C3586}.Debug|Any CPU.Build.0 = Debug|Any CPU
		{9F82C289-6E32-4AF6-A323-E69B3D1C3586}.Release|Any CPU.ActiveCfg = Release|Any CPU
		{9F82C289-6E32-4AF6-A323-E69B3D1C3586}.Release|Any CPU.Build.0 = Release|Any CPU
		{0635C562-CE0D-4EDE-9E48-937228F566A0}.Debug|Any CPU.ActiveCfg = Debug|Any CPU
		{0635C562-CE0D-4EDE-9E48-937228F566A0}.Debug|Any CPU.Build.0 = Debug|Any CPU
		{0635C562-CE0D-4EDE-9E48-937228F566A0}.Release|Any CPU.ActiveCfg = Release|Any CPU
		{0635C562-CE0D-4EDE-9E48-937228F566A0}.Release|Any CPU.Build.0 = Release|Any CPU
		{2375FA1C-9361-48C4-BDF5-173B32AFCF87}.Debug|Any CPU.ActiveCfg = Debug|Any CPU
		{2375FA1C-9361-48C4-BDF5-173B32AFCF87}.Debug|Any CPU.Build.0 = Debug|Any CPU
		{2375FA1C-9361-48C4-BDF5-173B32AFCF87}.Release|Any CPU.ActiveCfg = Release|Any CPU
		{2375FA1C-9361-48C4-BDF5-173B32AFCF87}.Release|Any CPU.Build.0 = Release|Any CPU
		{471E92BA-5750-4C24-8117-DD2FA306DC31}.Debug|Any CPU.ActiveCfg = Debug|Any CPU
		{471E92BA-5750-4C24-8117-DD2FA306DC31}.Debug|Any CPU.Build.0 = Debug|Any CPU
		{471E92BA-5750-4C24-8117-DD2FA306DC31}.Release|Any CPU.ActiveCfg = Release|Any CPU
		{471E92BA-5750-4C24-8117-DD2FA306DC31}.Release|Any CPU.Build.0 = Release|Any CPU
		{6EBC3416-B94B-49DB-89E7-9B83CF9DA9C7}.Debug|Any CPU.ActiveCfg = Debug|Any CPU
		{6EBC3416-B94B-49DB-89E7-9B83CF9DA9C7}.Debug|Any CPU.Build.0 = Debug|Any CPU
		{6EBC3416-B94B-49DB-89E7-9B83CF9DA9C7}.Release|Any CPU.ActiveCfg = Release|Any CPU
		{6EBC3416-B94B-49DB-89E7-9B83CF9DA9C7}.Release|Any CPU.Build.0 = Release|Any CPU
		{6CBC1468-1AD9-4DB8-AC9B-E1503049098C}.Debug|Any CPU.ActiveCfg = Debug|Any CPU
		{6CBC1468-1AD9-4DB8-AC9B-E1503049098C}.Debug|Any CPU.Build.0 = Debug|Any CPU
		{6CBC1468-1AD9-4DB8-AC9B-E1503049098C}.Release|Any CPU.ActiveCfg = Release|Any CPU
		{6CBC1468-1AD9-4DB8-AC9B-E1503049098C}.Release|Any CPU.Build.0 = Release|Any CPU
		{4D76E680-1BAF-4F86-9E70-C5D9CF6E0574}.Debug|Any CPU.ActiveCfg = Debug|Any CPU
		{4D76E680-1BAF-4F86-9E70-C5D9CF6E0574}.Debug|Any CPU.Build.0 = Debug|Any CPU
		{4D76E680-1BAF-4F86-9E70-C5D9CF6E0574}.Release|Any CPU.ActiveCfg = Release|Any CPU
		{4D76E680-1BAF-4F86-9E70-C5D9CF6E0574}.Release|Any CPU.Build.0 = Release|Any CPU
		{ECD3C600-F61D-4597-84E1-DC7D19F20A83}.Debug|Any CPU.ActiveCfg = Debug|Any CPU
		{ECD3C600-F61D-4597-84E1-DC7D19F20A83}.Debug|Any CPU.Build.0 = Debug|Any CPU
		{ECD3C600-F61D-4597-84E1-DC7D19F20A83}.Release|Any CPU.ActiveCfg = Release|Any CPU
		{ECD3C600-F61D-4597-84E1-DC7D19F20A83}.Release|Any CPU.Build.0 = Release|Any CPU
	EndGlobalSection
	GlobalSection(SolutionProperties) = preSolution
		HideSolutionNode = FALSE
	EndGlobalSection
	GlobalSection(ExtensibilityGlobals) = postSolution
		SolutionGuid = {78A1163F-EA15-4E93-931D-CA532141368C}
	EndGlobalSection
EndGlobal
